
Microsoft Visual Studio Solution File, Format Version 9.00
# Visual Studio 2005
Project("{FAE04EC0-301F-11D3-BF4B-00C04F79EFBC}") = "Belmost2PDA", "Belmost2PDA\Belmost2PDA.csproj", "{B19924D3-58B5-4879-B595-1288B15B10BF}"
EndProject
Project("{FAE04EC0-301F-11D3-BF4B-00C04F79EFBC}") = "DataBaseWork", "DataBaseWork\DataBaseWork.csproj", "{A40A0521-3960-404E-85A7-1C798AEFE5A9}"
EndProject
Project("{FAE04EC0-301F-11D3-BF4B-00C04F79EFBC}") = "Loging", "Loging\Loging.csproj", "{3D6EBDC0-A314-4A4A-92D8-24846F494AB5}"
EndProject
Project("{FAE04EC0-301F-11D3-BF4B-00C04F79EFBC}") = "Loging.Test", "Loging.Test\Loging.Test.csproj", "{FEDB794D-5A99-41EE-B241-9A73398AAE48}"
EndProject
Project("{FAE04EC0-301F-11D3-BF4B-00C04F79EFBC}") = "Logic", "Logic\Logic.csproj", "{9D9DE158-C9EB-43D8-8FB9-8C62B1358A18}"
EndProject
Project("{FAE04EC0-301F-11D3-BF4B-00C04F79EFBC}") = "DAO.Bridges", "DAO.Bridges\DAO.Bridges.csproj", "{454AC97C-EE71-4F44-B386-F1B8D6ED076C}"
EndProject
Project("{FAE04EC0-301F-11D3-BF4B-00C04F79EFBC}") = "Constants", "Constants\Constants.csproj", "{25797538-ADE4-4F6C-8F04-9115FE906305}"
EndProject
Project("{FAE04EC0-301F-11D3-BF4B-00C04F79EFBC}") = "DAO.Bridges.Test", "DAO.Bridges.Test\DAO.Bridges.Test.csproj", "{70AA04C6-99B6-4711-8BCE-08E9D8E3658B}"
EndProject
Project("{FAE04EC0-301F-11D3-BF4B-00C04F79EFBC}") = "Logic.Test", "Logic.Test\Logic.Test.csproj", "{28538381-CA52-455E-930E-A4E08475C496}"
EndProject
Project("{FAE04EC0-301F-11D3-BF4B-00C04F79EFBC}") = "Dialogs", "Dialogs\Dialogs.csproj", "{6F4AA476-B4A0-44DE-976E-A3E4CD2D31A4}"
EndProject
Project("{FAE04EC0-301F-11D3-BF4B-00C04F79EFBC}") = "Trnsfer", "Trnsfer\Trnsfer.csproj", "{3D816798-DF91-4E2A-AD59-AACD128597EE}"
EndProject
Project("{FAE04EC0-301F-11D3-BF4B-00C04F79EFBC}") = "Logic.Transfer", "Logic.Transfer\Logic.Transfer.csproj", "{471A8B0A-E63A-4D15-BA51-147C6B383D2F}"
EndProject
Project("{FAE04EC0-301F-11D3-BF4B-00C04F79EFBC}") = "Logic.Transfer.Test", "Logic.Transfer.Test\Logic.Transfer.Test.csproj", "{DC233D9A-F8F7-4371-85FB-63D1D451799D}"
EndProject
Global
	GlobalSection(SolutionConfigurationPlatforms) = preSolution
		Debug|Any CPU = Debug|Any CPU
		Release|Any CPU = Release|Any CPU
	EndGlobalSection
	GlobalSection(ProjectConfigurationPlatforms) = postSolution
		{B19924D3-58B5-4879-B595-1288B15B10BF}.Debug|Any CPU.ActiveCfg = Debug|Any CPU
		{B19924D3-58B5-4879-B595-1288B15B10BF}.Debug|Any CPU.Build.0 = Debug|Any CPU
		{B19924D3-58B5-4879-B595-1288B15B10BF}.Release|Any CPU.ActiveCfg = Release|Any CPU
		{B19924D3-58B5-4879-B595-1288B15B10BF}.Release|Any CPU.Build.0 = Release|Any CPU
		{A40A0521-3960-404E-85A7-1C798AEFE5A9}.Debug|Any CPU.ActiveCfg = Debug|Any CPU
		{A40A0521-3960-404E-85A7-1C798AEFE5A9}.Debug|Any CPU.Build.0 = Debug|Any CPU
		{A40A0521-3960-404E-85A7-1C798AEFE5A9}.Release|Any CPU.ActiveCfg = Release|Any CPU
		{A40A0521-3960-404E-85A7-1C798AEFE5A9}.Release|Any CPU.Build.0 = Release|Any CPU
		{3D6EBDC0-A314-4A4A-92D8-24846F494AB5}.Debug|Any CPU.ActiveCfg = Debug|Any CPU
		{3D6EBDC0-A314-4A4A-92D8-24846F494AB5}.Debug|Any CPU.Build.0 = Debug|Any CPU
		{3D6EBDC0-A314-4A4A-92D8-24846F494AB5}.Release|Any CPU.ActiveCfg = Release|Any CPU
		{3D6EBDC0-A314-4A4A-92D8-24846F494AB5}.Release|Any CPU.Build.0 = Release|Any CPU
		{FEDB794D-5A99-41EE-B241-9A73398AAE48}.Debug|Any CPU.ActiveCfg = Debug|Any CPU
		{FEDB794D-5A99-41EE-B241-9A73398AAE48}.Debug|Any CPU.Build.0 = Debug|Any CPU
		{FEDB794D-5A99-41EE-B241-9A73398AAE48}.Release|Any CPU.ActiveCfg = Release|Any CPU
		{FEDB794D-5A99-41EE-B241-9A73398AAE48}.Release|Any CPU.Build.0 = Release|Any CPU
		{9D9DE158-C9EB-43D8-8FB9-8C62B1358A18}.Debug|Any CPU.ActiveCfg = Debug|Any CPU
		{9D9DE158-C9EB-43D8-8FB9-8C62B1358A18}.Debug|Any CPU.Build.0 = Debug|Any CPU
		{9D9DE158-C9EB-43D8-8FB9-8C62B1358A18}.Release|Any CPU.ActiveCfg = Release|Any CPU
		{9D9DE158-C9EB-43D8-8FB9-8C62B1358A18}.Release|Any CPU.Build.0 = Release|Any CPU
		{454AC97C-EE71-4F44-B386-F1B8D6ED076C}.Debug|Any CPU.ActiveCfg = Debug|Any CPU
		{454AC97C-EE71-4F44-B386-F1B8D6ED076C}.Debug|Any CPU.Build.0 = Debug|Any CPU
		{454AC97C-EE71-4F44-B386-F1B8D6ED076C}.Release|Any CPU.ActiveCfg = Release|Any CPU
		{454AC97C-EE71-4F44-B386-F1B8D6ED076C}.Release|Any CPU.Build.0 = Release|Any CPU
		{25797538-ADE4-4F6C-8F04-9115FE906305}.Debug|Any CPU.ActiveCfg = Debug|Any CPU
		{25797538-ADE4-4F6C-8F04-9115FE906305}.Debug|Any CPU.Build.0 = Debug|Any CPU
		{25797538-ADE4-4F6C-8F04-9115FE906305}.Release|Any CPU.ActiveCfg = Release|Any CPU
		{25797538-ADE4-4F6C-8F04-9115FE906305}.Release|Any CPU.Build.0 = Release|Any CPU
		{70AA04C6-99B6-4711-8BCE-08E9D8E3658B}.Debug|Any CPU.ActiveCfg = Debug|Any CPU
		{70AA04C6-99B6-4711-8BCE-08E9D8E3658B}.Debug|Any CPU.Build.0 = Debug|Any CPU
		{70AA04C6-99B6-4711-8BCE-08E9D8E3658B}.Release|Any CPU.ActiveCfg = Release|Any CPU
		{70AA04C6-99B6-4711-8BCE-08E9D8E3658B}.Release|Any CPU.Build.0 = Release|Any CPU
		{28538381-CA52-455E-930E-A4E08475C496}.Debug|Any CPU.ActiveCfg = Debug|Any CPU
		{28538381-CA52-455E-930E-A4E08475C496}.Debug|Any CPU.Build.0 = Debug|Any CPU
		{28538381-CA52-455E-930E-A4E08475C496}.Release|Any CPU.ActiveCfg = Release|Any CPU
		{28538381-CA52-455E-930E-A4E08475C496}.Release|Any CPU.Build.0 = Release|Any CPU
		{6F4AA476-B4A0-44DE-976E-A3E4CD2D31A4}.Debug|Any CPU.ActiveCfg = Debug|Any CPU
		{6F4AA476-B4A0-44DE-976E-A3E4CD2D31A4}.Debug|Any CPU.Build.0 = Debug|Any CPU
		{6F4AA476-B4A0-44DE-976E-A3E4CD2D31A4}.Release|Any CPU.ActiveCfg = Release|Any CPU
		{6F4AA476-B4A0-44DE-976E-A3E4CD2D31A4}.Release|Any CPU.Build.0 = Release|Any CPU
		{3D816798-DF91-4E2A-AD59-AACD128597EE}.Debug|Any CPU.ActiveCfg = Debug|Any CPU
		{3D816798-DF91-4E2A-AD59-AACD128597EE}.Debug|Any CPU.Build.0 = Debug|Any CPU
		{3D816798-DF91-4E2A-AD59-AACD128597EE}.Release|Any CPU.ActiveCfg = Release|Any CPU
		{3D816798-DF91-4E2A-AD59-AACD128597EE}.Release|Any CPU.Build.0 = Release|Any CPU
		{471A8B0A-E63A-4D15-BA51-147C6B383D2F}.Debug|Any CPU.ActiveCfg = Debug|Any CPU
		{471A8B0A-E63A-4D15-BA51-147C6B383D2F}.Debug|Any CPU.Build.0 = Debug|Any CPU
		{471A8B0A-E63A-4D15-BA51-147C6B383D2F}.Release|Any CPU.ActiveCfg = Release|Any CPU
		{471A8B0A-E63A-4D15-BA51-147C6B383D2F}.Release|Any CPU.Build.0 = Release|Any CPU
		{DC233D9A-F8F7-4371-85FB-63D1D451799D}.Debug|Any CPU.ActiveCfg = Debug|Any CPU
		{DC233D9A-F8F7-4371-85FB-63D1D451799D}.Debug|Any CPU.Build.0 = Debug|Any CPU
		{DC233D9A-F8F7-4371-85FB-63D1D451799D}.Release|Any CPU.ActiveCfg = Release|Any CPU
		{DC233D9A-F8F7-4371-85FB-63D1D451799D}.Release|Any CPU.Build.0 = Release|Any CPU
	EndGlobalSection
	GlobalSection(SolutionProperties) = preSolution
		HideSolutionNode = FALSE
	EndGlobalSection
EndGlobal
